
Microsoft Visual Studio Solution File, Format Version 12.00
# Visual Studio Version 17
VisualStudioVersion = 17.0.32014.148
MinimumVisualStudioVersion = 10.0.40219.1
Project("{FAE04EC0-301F-11D3-BF4B-00C04F79EFBC}") = "lab8", "lab8.csproj", "{47943CDE-B934-4101-8932-6C388713A28E}"
EndProject
Global
	GlobalSection(SolutionConfigurationPlatforms) = preSolution
		Debug|Any CPU = Debug|Any CPU
		Release|Any CPU = Release|Any CPU
	EndGlobalSection
	GlobalSection(ProjectConfigurationPlatforms) = postSolution
		{47943CDE-B934-4101-8932-6C388713A28E}.Debug|Any CPU.ActiveCfg = Debug|Any CPU
		{47943CDE-B934-4101-8932-6C388713A28E}.Debug|Any CPU.Build.0 = Debug|Any CPU
		{47943CDE-B934-4101-8932-6C388713A28E}.Release|Any CPU.ActiveCfg = Release|Any CPU
		{47943CDE-B934-4101-8932-6C388713A28E}.Release|Any CPU.Build.0 = Release|Any CPU
	EndGlobalSection
	GlobalSection(SolutionProperties) = preSolution
		HideSolutionNode = FALSE
	EndGlobalSection
	GlobalSection(ExtensibilityGlobals) = postSolution
		SolutionGuid = {2A3EE2FF-224E-4881-A7FB-BE9E81CB30EA}
	EndGlobalSection
EndGlobal
